
Microsoft Visual Studio Solution File, Format Version 12.00
# Visual Studio Version 17
VisualStudioVersion = 17.9.34723.18
MinimumVisualStudioVersion = 10.0.40219.1
Project("{FAE04EC0-301F-11D3-BF4B-00C04F79EFBC}") = "CoursesApplication.Web", "CoursesApplication.Web\CoursesApplication.Web.csproj", "{F73B4A8C-FD4B-4C25-9CAD-63453C101CDA}"
EndProject
Project("{FAE04EC0-301F-11D3-BF4B-00C04F79EFBC}") = "CoursesApplication.Repository", "CoursesApplication.Repository\CoursesApplication.Repository.csproj", "{AD008A1A-4E17-42DF-B0A4-02EFD8C3EBD4}"
EndProject
Project("{FAE04EC0-301F-11D3-BF4B-00C04F79EFBC}") = "CoursesApplication.Domain", "CoursesApplication.Domain\CoursesApplication.Domain.csproj", "{A7A04BA0-6358-4BB4-AC3D-671664243DFF}"
EndProject
Project("{FAE04EC0-301F-11D3-BF4B-00C04F79EFBC}") = "CoursesApplication.Service", "CoursesApplication.Service\CoursesApplication.Service.csproj", "{77C41BB0-B7B9-4CAB-94E1-3E44EB326107}"
EndProject
Global
	GlobalSection(SolutionConfigurationPlatforms) = preSolution
		Debug|Any CPU = Debug|Any CPU
		Release|Any CPU = Release|Any CPU
	EndGlobalSection
	GlobalSection(ProjectConfigurationPlatforms) = postSolution
		{F73B4A8C-FD4B-4C25-9CAD-63453C101CDA}.Debug|Any CPU.ActiveCfg = Debug|Any CPU
		{F73B4A8C-FD4B-4C25-9CAD-63453C101CDA}.Debug|Any CPU.Build.0 = Debug|Any CPU
		{F73B4A8C-FD4B-4C25-9CAD-63453C101CDA}.Release|Any CPU.ActiveCfg = Release|Any CPU
		{F73B4A8C-FD4B-4C25-9CAD-63453C101CDA}.Release|Any CPU.Build.0 = Release|Any CPU
		{AD008A1A-4E17-42DF-B0A4-02EFD8C3EBD4}.Debug|Any CPU.ActiveCfg = Debug|Any CPU
		{AD008A1A-4E17-42DF-B0A4-02EFD8C3EBD4}.Debug|Any CPU.Build.0 = Debug|Any CPU
		{AD008A1A-4E17-42DF-B0A4-02EFD8C3EBD4}.Release|Any CPU.ActiveCfg = Release|Any CPU
		{AD008A1A-4E17-42DF-B0A4-02EFD8C3EBD4}.Release|Any CPU.Build.0 = Release|Any CPU
		{A7A04BA0-6358-4BB4-AC3D-671664243DFF}.Debug|Any CPU.ActiveCfg = Debug|Any CPU
		{A7A04BA0-6358-4BB4-AC3D-671664243DFF}.Debug|Any CPU.Build.0 = Debug|Any CPU
		{A7A04BA0-6358-4BB4-AC3D-671664243DFF}.Release|Any CPU.ActiveCfg = Release|Any CPU
		{A7A04BA0-6358-4BB4-AC3D-671664243DFF}.Release|Any CPU.Build.0 = Release|Any CPU
		{77C41BB0-B7B9-4CAB-94E1-3E44EB326107}.Debug|Any CPU.ActiveCfg = Debug|Any CPU
		{77C41BB0-B7B9-4CAB-94E1-3E44EB326107}.Debug|Any CPU.Build.0 = Debug|Any CPU
		{77C41BB0-B7B9-4CAB-94E1-3E44EB326107}.Release|Any CPU.ActiveCfg = Release|Any CPU
		{77C41BB0-B7B9-4CAB-94E1-3E44EB326107}.Release|Any CPU.Build.0 = Release|Any CPU
	EndGlobalSection
	GlobalSection(SolutionProperties) = preSolution
		HideSolutionNode = FALSE
	EndGlobalSection
	GlobalSection(ExtensibilityGlobals) = postSolution
		SolutionGuid = {451DC527-2DA0-46F4-917F-0BDF5EF17200}
	EndGlobalSection
EndGlobal
